// !$*UTF8*$!
{
	archiveVersion = 1;
	classes = {
	};
	objectVersion = 46;
	objects = {

/* Begin PBXBuildFile section */
		4C67F90C196A49EB0054A187 /* TestViewController.m in Sources */ = {isa = PBXBuildFile; fileRef = 4C67F90B196A49EB0054A187 /* TestViewController.m */; };
		4CA584D819995395003ED355 /* GameController.framework in Frameworks */ = {isa = PBXBuildFile; fileRef = 4CA584D719995395003ED355 /* GameController.framework */; };
		4CA584DA19995815003ED355 /* GameKit.framework in Frameworks */ = {isa = PBXBuildFile; fileRef = 4CA584D919995815003ED355 /* GameKit.framework */; };
		4CACF951195F9F1500056B92 /* MSContactManipulater.m in Sources */ = {isa = PBXBuildFile; fileRef = 4CACF950195F9F1500056B92 /* MSContactManipulater.m */; };
		4CACF953195FA19400056B92 /* AddressBook.framework in Frameworks */ = {isa = PBXBuildFile; fileRef = 4CACF952195FA19400056B92 /* AddressBook.framework */; };
		4CACF955195FA19B00056B92 /* AddressBookUI.framework in Frameworks */ = {isa = PBXBuildFile; fileRef = 4CACF954195FA19B00056B92 /* AddressBookUI.framework */; };
		4CEFD7081996E5C100D1186B /* BackButton.png in Resources */ = {isa = PBXBuildFile; fileRef = 4CEFD6DF1996E5C000D1186B /* BackButton.png */; };
		4CEFD7091996E5C100D1186B /* BackgroundImageHCContacts.png in Resources */ = {isa = PBXBuildFile; fileRef = 4CEFD6E01996E5C000D1186B /* BackgroundImageHCContacts.png */; };
		4CEFD70A1996E5C100D1186B /* BackgroundImageHCContactsFilterPage.png in Resources */ = {isa = PBXBuildFile; fileRef = 4CEFD6E11996E5C000D1186B /* BackgroundImageHCContactsFilterPage.png */; };
		4CEFD70B1996E5C100D1186B /* BackgroundImageHCCountactsMoreInfoPage.png in Resources */ = {isa = PBXBuildFile; fileRef = 4CEFD6E21996E5C000D1186B /* BackgroundImageHCCountactsMoreInfoPage.png */; };
		4CEFD70C1996E5C100D1186B /* BackgroundImageMC.png in Resources */ = {isa = PBXBuildFile; fileRef = 4CEFD6E31996E5C000D1186B /* BackgroundImageMC.png */; };
		4CEFD70D1996E5C100D1186B /* ButtonW:Shadow.png in Resources */ = {isa = PBXBuildFile; fileRef = 4CEFD6E41996E5C000D1186B /* ButtonW:Shadow.png */; };
		4CEFD70E1996E5C100D1186B /* CheckButton.png in Resources */ = {isa = PBXBuildFile; fileRef = 4CEFD6E51996E5C000D1186B /* CheckButton.png */; };
		4CEFD70F1996E5C100D1186B /* Frame.png in Resources */ = {isa = PBXBuildFile; fileRef = 4CEFD6E61996E5C000D1186B /* Frame.png */; };
		4CEFD7101996E5C100D1186B /* GoButton.png in Resources */ = {isa = PBXBuildFile; fileRef = 4CEFD6E71996E5C000D1186B /* GoButton.png */; };
		4CEFD7111996E5C100D1186B /* GotRightTU.png in Resources */ = {isa = PBXBuildFile; fileRef = 4CEFD6E81996E5C000D1186B /* GotRightTU.png */; };
		4CEFD7121996E5C100D1186B /* GotWrongTD.png in Resources */ = {isa = PBXBuildFile; fileRef = 4CEFD6E91996E5C000D1186B /* GotWrongTD.png */; };
		4CEFD7131996E5C100D1186B /* GuessButton.png in Resources */ = {isa = PBXBuildFile; fileRef = 4CEFD6EA1996E5C000D1186B /* GuessButton.png */; };
		4CEFD7141996E5C100D1186B /* HCNamesIcon58X58.png in Resources */ = {isa = PBXBuildFile; fileRef = 4CEFD6EB1996E5C000D1186B /* HCNamesIcon58X58.png */; };
		4CEFD7151996E5C100D1186B /* HCNamesIcon80X80.png in Resources */ = {isa = PBXBuildFile; fileRef = 4CEFD6EC1996E5C000D1186B /* HCNamesIcon80X80.png */; };
		4CEFD7161996E5C100D1186B /* HCNamesIcon120X120.png in Resources */ = {isa = PBXBuildFile; fileRef = 4CEFD6ED1996E5C000D1186B /* HCNamesIcon120X120.png */; };
		4CEFD7171996E5C100D1186B /* healthCatalystIgniteChange.png in Resources */ = {isa = PBXBuildFile; fileRef = 4CEFD6EE1996E5C000D1186B /* healthCatalystIgniteChange.png */; };
		4CEFD7181996E5C100D1186B /* healthCatalystIgniteChangeSmallVerson.png in Resources */ = {isa = PBXBuildFile; fileRef = 4CEFD6EF1996E5C000D1186B /* healthCatalystIgniteChangeSmallVerson.png */; };
		4CEFD7191996E5C100D1186B /* HintButton.png in Resources */ = {isa = PBXBuildFile; fileRef = 4CEFD6F01996E5C000D1186B /* HintButton.png */; };
		4CEFD71A1996E5C100D1186B /* IMG_0929.png in Resources */ = {isa = PBXBuildFile; fileRef = 4CEFD6F11996E5C100D1186B /* IMG_0929.png */; };
		4CEFD71B1996E5C100D1186B /* IMG_0930.png in Resources */ = {isa = PBXBuildFile; fileRef = 4CEFD6F21996E5C100D1186B /* IMG_0930.png */; };
		4CEFD71C1996E5C100D1186B /* IMG_0931.png in Resources */ = {isa = PBXBuildFile; fileRef = 4CEFD6F31996E5C100D1186B /* IMG_0931.png */; };
		4CEFD71D1996E5C100D1186B /* IMG_0932.png in Resources */ = {isa = PBXBuildFile; fileRef = 4CEFD6F41996E5C100D1186B /* IMG_0932.png */; };
		4CEFD71E1996E5C100D1186B /* IMG_0933.png in Resources */ = {isa = PBXBuildFile; fileRef = 4CEFD6F51996E5C100D1186B /* IMG_0933.png */; };
		4CEFD71F1996E5C100D1186B /* IMG_0935.png in Resources */ = {isa = PBXBuildFile; fileRef = 4CEFD6F61996E5C100D1186B /* IMG_0935.png */; };
		4CEFD7201996E5C100D1186B /* IMG_0936.png in Resources */ = {isa = PBXBuildFile; fileRef = 4CEFD6F71996E5C100D1186B /* IMG_0936.png */; };
		4CEFD7211996E5C100D1186B /* IMG_0937.png in Resources */ = {isa = PBXBuildFile; fileRef = 4CEFD6F81996E5C100D1186B /* IMG_0937.png */; };
		4CEFD7221996E5C100D1186B /* IMG_0938.png in Resources */ = {isa = PBXBuildFile; fileRef = 4CEFD6F91996E5C100D1186B /* IMG_0938.png */; };
		4CEFD7231996E5C100D1186B /* IMG_0939.png in Resources */ = {isa = PBXBuildFile; fileRef = 4CEFD6FA1996E5C100D1186B /* IMG_0939.png */; };
		4CEFD7241996E5C100D1186B /* IMG_0940.png in Resources */ = {isa = PBXBuildFile; fileRef = 4CEFD6FB1996E5C100D1186B /* IMG_0940.png */; };
		4CEFD7251996E5C100D1186B /* LeaderBoard.png in Resources */ = {isa = PBXBuildFile; fileRef = 4CEFD6FC1996E5C100D1186B /* LeaderBoard.png */; };
		4CEFD7261996E5C100D1186B /* MultipleChoiceFaces.png in Resources */ = {isa = PBXBuildFile; fileRef = 4CEFD6FD1996E5C100D1186B /* MultipleChoiceFaces.png */; };
		4CEFD7271996E5C100D1186B /* MultipleChoiceNames.png in Resources */ = {isa = PBXBuildFile; fileRef = 4CEFD6FE1996E5C100D1186B /* MultipleChoiceNames.png */; };
		4CEFD7281996E5C100D1186B /* NextButton.png in Resources */ = {isa = PBXBuildFile; fileRef = 4CEFD6FF1996E5C100D1186B /* NextButton.png */; };
		4CEFD7291996E5C100D1186B /* PersonHCContacts.png in Resources */ = {isa = PBXBuildFile; fileRef = 4CEFD7001996E5C100D1186B /* PersonHCContacts.png */; };
		4CEFD72A1996E5C100D1186B /* rounded_corners.jpg in Resources */ = {isa = PBXBuildFile; fileRef = 4CEFD7011996E5C100D1186B /* rounded_corners.jpg */; };
		4CEFD72B1996E5C100D1186B /* RoundedRectBlackButton.png in Resources */ = {isa = PBXBuildFile; fileRef = 4CEFD7021996E5C100D1186B /* RoundedRectBlackButton.png */; };
		4CEFD72C1996E5C100D1186B /* SmallTD.png in Resources */ = {isa = PBXBuildFile; fileRef = 4CEFD7031996E5C100D1186B /* SmallTD.png */; };
		4CEFD72D1996E5C100D1186B /* SmallTU.png in Resources */ = {isa = PBXBuildFile; fileRef = 4CEFD7041996E5C100D1186B /* SmallTU.png */; };
		4CEFD72E1996E5C100D1186B /* TimedFlashcard.png in Resources */ = {isa = PBXBuildFile; fileRef = 4CEFD7051996E5C100D1186B /* TimedFlashcard.png */; };
		4CEFD72F1996E5C100D1186B /* TimerHCContacts.png in Resources */ = {isa = PBXBuildFile; fileRef = 4CEFD7061996E5C100D1186B /* TimerHCContacts.png */; };
		4CEFD7301996E5C100D1186B /* XButton.png in Resources */ = {isa = PBXBuildFile; fileRef = 4CEFD7071996E5C100D1186B /* XButton.png */; };
		4EC04F3D195297350017AA78 /* Foundation.framework in Frameworks */ = {isa = PBXBuildFile; fileRef = 4EC04F3C195297350017AA78 /* Foundation.framework */; };
		4EC04F3F195297350017AA78 /* CoreGraphics.framework in Frameworks */ = {isa = PBXBuildFile; fileRef = 4EC04F3E195297350017AA78 /* CoreGraphics.framework */; };
		4EC04F41195297350017AA78 /* UIKit.framework in Frameworks */ = {isa = PBXBuildFile; fileRef = 4EC04F40195297350017AA78 /* UIKit.framework */; };
		4EC04F47195297350017AA78 /* InfoPlist.strings in Resources */ = {isa = PBXBuildFile; fileRef = 4EC04F45195297350017AA78 /* InfoPlist.strings */; };
		4EC04F49195297350017AA78 /* main.m in Sources */ = {isa = PBXBuildFile; fileRef = 4EC04F48195297350017AA78 /* main.m */; };
		4EC04F4D195297350017AA78 /* AppDelegate.m in Sources */ = {isa = PBXBuildFile; fileRef = 4EC04F4C195297350017AA78 /* AppDelegate.m */; };
		4EC04F50195297350017AA78 /* Main.storyboard in Resources */ = {isa = PBXBuildFile; fileRef = 4EC04F4E195297350017AA78 /* Main.storyboard */; };
		4EC04F53195297350017AA78 /* ViewController.m in Sources */ = {isa = PBXBuildFile; fileRef = 4EC04F52195297350017AA78 /* ViewController.m */; };
		4EC04F55195297350017AA78 /* Images.xcassets in Resources */ = {isa = PBXBuildFile; fileRef = 4EC04F54195297350017AA78 /* Images.xcassets */; };
		4EC04F5C195297350017AA78 /* XCTest.framework in Frameworks */ = {isa = PBXBuildFile; fileRef = 4EC04F5B195297350017AA78 /* XCTest.framework */; };
		4EC04F5D195297350017AA78 /* Foundation.framework in Frameworks */ = {isa = PBXBuildFile; fileRef = 4EC04F3C195297350017AA78 /* Foundation.framework */; };
		4EC04F5E195297350017AA78 /* UIKit.framework in Frameworks */ = {isa = PBXBuildFile; fileRef = 4EC04F40195297350017AA78 /* UIKit.framework */; };
		4EC04F66195297350017AA78 /* InfoPlist.strings in Resources */ = {isa = PBXBuildFile; fileRef = 4EC04F64195297350017AA78 /* InfoPlist.strings */; };
		4EC04F68195297350017AA78 /* FRTests.m in Sources */ = {isa = PBXBuildFile; fileRef = 4EC04F67195297350017AA78 /* FRTests.m */; };
		4EC04F73195297E90017AA78 /* Person.m in Sources */ = {isa = PBXBuildFile; fileRef = 4EC04F72195297E90017AA78 /* Person.m */; };
/* End PBXBuildFile section */

/* Begin PBXContainerItemProxy section */
		4EC04F5F195297350017AA78 /* PBXContainerItemProxy */ = {
			isa = PBXContainerItemProxy;
			containerPortal = 4EC04F31195297350017AA78 /* Project object */;
			proxyType = 1;
			remoteGlobalIDString = 4EC04F38195297350017AA78;
			remoteInfo = FR;
		};
/* End PBXContainerItemProxy section */

/* Begin PBXFileReference section */
		4C67F90A196A49EB0054A187 /* TestViewController.h */ = {isa = PBXFileReference; fileEncoding = 4; lastKnownFileType = sourcecode.c.h; path = TestViewController.h; sourceTree = "<group>"; };
		4C67F90B196A49EB0054A187 /* TestViewController.m */ = {isa = PBXFileReference; fileEncoding = 4; lastKnownFileType = sourcecode.c.objc; path = TestViewController.m; sourceTree = "<group>"; };
		4CA584D719995395003ED355 /* GameController.framework */ = {isa = PBXFileReference; lastKnownFileType = wrapper.framework; name = GameController.framework; path = System/Library/Frameworks/GameController.framework; sourceTree = SDKROOT; };
		4CA584D919995815003ED355 /* GameKit.framework */ = {isa = PBXFileReference; lastKnownFileType = wrapper.framework; name = GameKit.framework; path = System/Library/Frameworks/GameKit.framework; sourceTree = SDKROOT; };
		4CACF94F195F9F1500056B92 /* MSContactManipulater.h */ = {isa = PBXFileReference; fileEncoding = 4; lastKnownFileType = sourcecode.c.h; path = MSContactManipulater.h; sourceTree = "<group>"; };
		4CACF950195F9F1500056B92 /* MSContactManipulater.m */ = {isa = PBXFileReference; fileEncoding = 4; lastKnownFileType = sourcecode.c.objc; path = MSContactManipulater.m; sourceTree = "<group>"; };
		4CACF952195FA19400056B92 /* AddressBook.framework */ = {isa = PBXFileReference; lastKnownFileType = wrapper.framework; name = AddressBook.framework; path = System/Library/Frameworks/AddressBook.framework; sourceTree = SDKROOT; };
		4CACF954195FA19B00056B92 /* AddressBookUI.framework */ = {isa = PBXFileReference; lastKnownFileType = wrapper.framework; name = AddressBookUI.framework; path = System/Library/Frameworks/AddressBookUI.framework; sourceTree = SDKROOT; };
		4CEFD6DF1996E5C000D1186B /* BackButton.png */ = {isa = PBXFileReference; lastKnownFileType = image.png; name = BackButton.png; path = ../BackButton.png; sourceTree = "<group>"; };
		4CEFD6E01996E5C000D1186B /* BackgroundImageHCContacts.png */ = {isa = PBXFileReference; lastKnownFileType = image.png; name = BackgroundImageHCContacts.png; path = ../BackgroundImageHCContacts.png; sourceTree = "<group>"; };
		4CEFD6E11996E5C000D1186B /* BackgroundImageHCContactsFilterPage.png */ = {isa = PBXFileReference; lastKnownFileType = image.png; name = BackgroundImageHCContactsFilterPage.png; path = ../BackgroundImageHCContactsFilterPage.png; sourceTree = "<group>"; };
		4CEFD6E21996E5C000D1186B /* BackgroundImageHCCountactsMoreInfoPage.png */ = {isa = PBXFileReference; lastKnownFileType = image.png; name = BackgroundImageHCCountactsMoreInfoPage.png; path = ../BackgroundImageHCCountactsMoreInfoPage.png; sourceTree = "<group>"; };
		4CEFD6E31996E5C000D1186B /* BackgroundImageMC.png */ = {isa = PBXFileReference; lastKnownFileType = image.png; name = BackgroundImageMC.png; path = ../BackgroundImageMC.png; sourceTree = "<group>"; };
		4CEFD6E41996E5C000D1186B /* ButtonW:Shadow.png */ = {isa = PBXFileReference; lastKnownFileType = image.png; name = "ButtonW:Shadow.png"; path = "../ButtonW:Shadow.png"; sourceTree = "<group>"; };
		4CEFD6E51996E5C000D1186B /* CheckButton.png */ = {isa = PBXFileReference; lastKnownFileType = image.png; name = CheckButton.png; path = ../CheckButton.png; sourceTree = "<group>"; };
		4CEFD6E61996E5C000D1186B /* Frame.png */ = {isa = PBXFileReference; lastKnownFileType = image.png; name = Frame.png; path = ../Frame.png; sourceTree = "<group>"; };
		4CEFD6E71996E5C000D1186B /* GoButton.png */ = {isa = PBXFileReference; lastKnownFileType = image.png; name = GoButton.png; path = ../GoButton.png; sourceTree = "<group>"; };
		4CEFD6E81996E5C000D1186B /* GotRightTU.png */ = {isa = PBXFileReference; lastKnownFileType = image.png; name = GotRightTU.png; path = ../GotRightTU.png; sourceTree = "<group>"; };
		4CEFD6E91996E5C000D1186B /* GotWrongTD.png */ = {isa = PBXFileReference; lastKnownFileType = image.png; name = GotWrongTD.png; path = ../GotWrongTD.png; sourceTree = "<group>"; };
		4CEFD6EA1996E5C000D1186B /* GuessButton.png */ = {isa = PBXFileReference; lastKnownFileType = image.png; name = GuessButton.png; path = ../GuessButton.png; sourceTree = "<group>"; };
		4CEFD6EB1996E5C000D1186B /* HCNamesIcon58X58.png */ = {isa = PBXFileReference; lastKnownFileType = image.png; name = HCNamesIcon58X58.png; path = ../HCNamesIcon58X58.png; sourceTree = "<group>"; };
		4CEFD6EC1996E5C000D1186B /* HCNamesIcon80X80.png */ = {isa = PBXFileReference; lastKnownFileType = image.png; name = HCNamesIcon80X80.png; path = ../HCNamesIcon80X80.png; sourceTree = "<group>"; };
		4CEFD6ED1996E5C000D1186B /* HCNamesIcon120X120.png */ = {isa = PBXFileReference; lastKnownFileType = image.png; name = HCNamesIcon120X120.png; path = ../HCNamesIcon120X120.png; sourceTree = "<group>"; };
		4CEFD6EE1996E5C000D1186B /* healthCatalystIgniteChange.png */ = {isa = PBXFileReference; lastKnownFileType = image.png; name = healthCatalystIgniteChange.png; path = ../healthCatalystIgniteChange.png; sourceTree = "<group>"; };
		4CEFD6EF1996E5C000D1186B /* healthCatalystIgniteChangeSmallVerson.png */ = {isa = PBXFileReference; lastKnownFileType = image.png; name = healthCatalystIgniteChangeSmallVerson.png; path = ../healthCatalystIgniteChangeSmallVerson.png; sourceTree = "<group>"; };
		4CEFD6F01996E5C000D1186B /* HintButton.png */ = {isa = PBXFileReference; lastKnownFileType = image.png; name = HintButton.png; path = ../HintButton.png; sourceTree = "<group>"; };
		4CEFD6F11996E5C100D1186B /* IMG_0929.png */ = {isa = PBXFileReference; lastKnownFileType = image.png; name = IMG_0929.png; path = ../IMG_0929.png; sourceTree = "<group>"; };
		4CEFD6F21996E5C100D1186B /* IMG_0930.png */ = {isa = PBXFileReference; lastKnownFileType = image.png; name = IMG_0930.png; path = ../IMG_0930.png; sourceTree = "<group>"; };
		4CEFD6F31996E5C100D1186B /* IMG_0931.png */ = {isa = PBXFileReference; lastKnownFileType = image.png; name = IMG_0931.png; path = ../IMG_0931.png; sourceTree = "<group>"; };
		4CEFD6F41996E5C100D1186B /* IMG_0932.png */ = {isa = PBXFileReference; lastKnownFileType = image.png; name = IMG_0932.png; path = ../IMG_0932.png; sourceTree = "<group>"; };
		4CEFD6F51996E5C100D1186B /* IMG_0933.png */ = {isa = PBXFileReference; lastKnownFileType = image.png; name = IMG_0933.png; path = ../IMG_0933.png; sourceTree = "<group>"; };
		4CEFD6F61996E5C100D1186B /* IMG_0935.png */ = {isa = PBXFileReference; lastKnownFileType = image.png; name = IMG_0935.png; path = ../IMG_0935.png; sourceTree = "<group>"; };
		4CEFD6F71996E5C100D1186B /* IMG_0936.png */ = {isa = PBXFileReference; lastKnownFileType = image.png; name = IMG_0936.png; path = ../IMG_0936.png; sourceTree = "<group>"; };
		4CEFD6F81996E5C100D1186B /* IMG_0937.png */ = {isa = PBXFileReference; lastKnownFileType = image.png; name = IMG_0937.png; path = ../IMG_0937.png; sourceTree = "<group>"; };
		4CEFD6F91996E5C100D1186B /* IMG_0938.png */ = {isa = PBXFileReference; lastKnownFileType = image.png; name = IMG_0938.png; path = ../IMG_0938.png; sourceTree = "<group>"; };
		4CEFD6FA1996E5C100D1186B /* IMG_0939.png */ = {isa = PBXFileReference; lastKnownFileType = image.png; name = IMG_0939.png; path = ../IMG_0939.png; sourceTree = "<group>"; };
		4CEFD6FB1996E5C100D1186B /* IMG_0940.png */ = {isa = PBXFileReference; lastKnownFileType = image.png; name = IMG_0940.png; path = ../IMG_0940.png; sourceTree = "<group>"; };
		4CEFD6FC1996E5C100D1186B /* LeaderBoard.png */ = {isa = PBXFileReference; lastKnownFileType = image.png; name = LeaderBoard.png; path = ../LeaderBoard.png; sourceTree = "<group>"; };
		4CEFD6FD1996E5C100D1186B /* MultipleChoiceFaces.png */ = {isa = PBXFileReference; lastKnownFileType = image.png; name = MultipleChoiceFaces.png; path = ../MultipleChoiceFaces.png; sourceTree = "<group>"; };
		4CEFD6FE1996E5C100D1186B /* MultipleChoiceNames.png */ = {isa = PBXFileReference; lastKnownFileType = image.png; name = MultipleChoiceNames.png; path = ../MultipleChoiceNames.png; sourceTree = "<group>"; };
		4CEFD6FF1996E5C100D1186B /* NextButton.png */ = {isa = PBXFileReference; lastKnownFileType = image.png; name = NextButton.png; path = ../NextButton.png; sourceTree = "<group>"; };
		4CEFD7001996E5C100D1186B /* PersonHCContacts.png */ = {isa = PBXFileReference; lastKnownFileType = image.png; name = PersonHCContacts.png; path = ../PersonHCContacts.png; sourceTree = "<group>"; };
		4CEFD7011996E5C100D1186B /* rounded_corners.jpg */ = {isa = PBXFileReference; lastKnownFileType = image.jpeg; name = rounded_corners.jpg; path = ../rounded_corners.jpg; sourceTree = "<group>"; };
		4CEFD7021996E5C100D1186B /* RoundedRectBlackButton.png */ = {isa = PBXFileReference; lastKnownFileType = image.png; name = RoundedRectBlackButton.png; path = ../RoundedRectBlackButton.png; sourceTree = "<group>"; };
		4CEFD7031996E5C100D1186B /* SmallTD.png */ = {isa = PBXFileReference; lastKnownFileType = image.png; name = SmallTD.png; path = ../SmallTD.png; sourceTree = "<group>"; };
		4CEFD7041996E5C100D1186B /* SmallTU.png */ = {isa = PBXFileReference; lastKnownFileType = image.png; name = SmallTU.png; path = ../SmallTU.png; sourceTree = "<group>"; };
		4CEFD7051996E5C100D1186B /* TimedFlashcard.png */ = {isa = PBXFileReference; lastKnownFileType = image.png; name = TimedFlashcard.png; path = ../TimedFlashcard.png; sourceTree = "<group>"; };
		4CEFD7061996E5C100D1186B /* TimerHCContacts.png */ = {isa = PBXFileReference; lastKnownFileType = image.png; name = TimerHCContacts.png; path = ../TimerHCContacts.png; sourceTree = "<group>"; };
		4CEFD7071996E5C100D1186B /* XButton.png */ = {isa = PBXFileReference; lastKnownFileType = image.png; name = XButton.png; path = ../XButton.png; sourceTree = "<group>"; };
		4EC04F39195297350017AA78 /* FR.app */ = {isa = PBXFileReference; explicitFileType = wrapper.application; includeInIndex = 0; path = FR.app; sourceTree = BUILT_PRODUCTS_DIR; };
		4EC04F3C195297350017AA78 /* Foundation.framework */ = {isa = PBXFileReference; lastKnownFileType = wrapper.framework; name = Foundation.framework; path = System/Library/Frameworks/Foundation.framework; sourceTree = SDKROOT; };
		4EC04F3E195297350017AA78 /* CoreGraphics.framework */ = {isa = PBXFileReference; lastKnownFileType = wrapper.framework; name = CoreGraphics.framework; path = System/Library/Frameworks/CoreGraphics.framework; sourceTree = SDKROOT; };
		4EC04F40195297350017AA78 /* UIKit.framework */ = {isa = PBXFileReference; lastKnownFileType = wrapper.framework; name = UIKit.framework; path = System/Library/Frameworks/UIKit.framework; sourceTree = SDKROOT; };
		4EC04F44195297350017AA78 /* FR-Info.plist */ = {isa = PBXFileReference; lastKnownFileType = text.plist.xml; path = "FR-Info.plist"; sourceTree = "<group>"; };
		4EC04F46195297350017AA78 /* en */ = {isa = PBXFileReference; lastKnownFileType = text.plist.strings; name = en; path = en.lproj/InfoPlist.strings; sourceTree = "<group>"; };
		4EC04F48195297350017AA78 /* main.m */ = {isa = PBXFileReference; lastKnownFileType = sourcecode.c.objc; path = main.m; sourceTree = "<group>"; };
		4EC04F4A195297350017AA78 /* FR-Prefix.pch */ = {isa = PBXFileReference; lastKnownFileType = sourcecode.c.h; path = "FR-Prefix.pch"; sourceTree = "<group>"; };
		4EC04F4B195297350017AA78 /* AppDelegate.h */ = {isa = PBXFileReference; lastKnownFileType = sourcecode.c.h; path = AppDelegate.h; sourceTree = "<group>"; };
		4EC04F4C195297350017AA78 /* AppDelegate.m */ = {isa = PBXFileReference; lastKnownFileType = sourcecode.c.objc; path = AppDelegate.m; sourceTree = "<group>"; };
		4EC04F4F195297350017AA78 /* Base */ = {isa = PBXFileReference; lastKnownFileType = file.storyboard; name = Base; path = Base.lproj/Main.storyboard; sourceTree = "<group>"; };
		4EC04F51195297350017AA78 /* ViewController.h */ = {isa = PBXFileReference; lastKnownFileType = sourcecode.c.h; path = ViewController.h; sourceTree = "<group>"; };
		4EC04F52195297350017AA78 /* ViewController.m */ = {isa = PBXFileReference; lastKnownFileType = sourcecode.c.objc; path = ViewController.m; sourceTree = "<group>"; };
		4EC04F54195297350017AA78 /* Images.xcassets */ = {isa = PBXFileReference; lastKnownFileType = folder.assetcatalog; path = Images.xcassets; sourceTree = "<group>"; };
		4EC04F5A195297350017AA78 /* FRTests.xctest */ = {isa = PBXFileReference; explicitFileType = wrapper.cfbundle; includeInIndex = 0; path = FRTests.xctest; sourceTree = BUILT_PRODUCTS_DIR; };
		4EC04F5B195297350017AA78 /* XCTest.framework */ = {isa = PBXFileReference; lastKnownFileType = wrapper.framework; name = XCTest.framework; path = Library/Frameworks/XCTest.framework; sourceTree = DEVELOPER_DIR; };
		4EC04F63195297350017AA78 /* FRTests-Info.plist */ = {isa = PBXFileReference; lastKnownFileType = text.plist.xml; path = "FRTests-Info.plist"; sourceTree = "<group>"; };
		4EC04F65195297350017AA78 /* en */ = {isa = PBXFileReference; lastKnownFileType = text.plist.strings; name = en; path = en.lproj/InfoPlist.strings; sourceTree = "<group>"; };
		4EC04F67195297350017AA78 /* FRTests.m */ = {isa = PBXFileReference; lastKnownFileType = sourcecode.c.objc; path = FRTests.m; sourceTree = "<group>"; };
		4EC04F71195297E90017AA78 /* Person.h */ = {isa = PBXFileReference; fileEncoding = 4; lastKnownFileType = sourcecode.c.h; path = Person.h; sourceTree = "<group>"; };
		4EC04F72195297E90017AA78 /* Person.m */ = {isa = PBXFileReference; fileEncoding = 4; lastKnownFileType = sourcecode.c.objc; path = Person.m; sourceTree = "<group>"; };
/* End PBXFileReference section */

/* Begin PBXFrameworksBuildPhase section */
		4EC04F36195297350017AA78 /* Frameworks */ = {
			isa = PBXFrameworksBuildPhase;
			buildActionMask = 2147483647;
			files = (
				4CA584D819995395003ED355 /* GameController.framework in Frameworks */,
				4CACF955195FA19B00056B92 /* AddressBookUI.framework in Frameworks */,
				4CA584DA19995815003ED355 /* GameKit.framework in Frameworks */,
				4CACF953195FA19400056B92 /* AddressBook.framework in Frameworks */,
				4EC04F3F195297350017AA78 /* CoreGraphics.framework in Frameworks */,
				4EC04F41195297350017AA78 /* UIKit.framework in Frameworks */,
				4EC04F3D195297350017AA78 /* Foundation.framework in Frameworks */,
			);
			runOnlyForDeploymentPostprocessing = 0;
		};
		4EC04F57195297350017AA78 /* Frameworks */ = {
			isa = PBXFrameworksBuildPhase;
			buildActionMask = 2147483647;
			files = (
				4EC04F5C195297350017AA78 /* XCTest.framework in Frameworks */,
				4EC04F5E195297350017AA78 /* UIKit.framework in Frameworks */,
				4EC04F5D195297350017AA78 /* Foundation.framework in Frameworks */,
			);
			runOnlyForDeploymentPostprocessing = 0;
		};
/* End PBXFrameworksBuildPhase section */

/* Begin PBXGroup section */
		4EC04F30195297350017AA78 = {
			isa = PBXGroup;
			children = (
				4CEFD6DF1996E5C000D1186B /* BackButton.png */,
				4CEFD6E01996E5C000D1186B /* BackgroundImageHCContacts.png */,
				4CEFD6E11996E5C000D1186B /* BackgroundImageHCContactsFilterPage.png */,
				4CEFD6E21996E5C000D1186B /* BackgroundImageHCCountactsMoreInfoPage.png */,
				4CEFD6E31996E5C000D1186B /* BackgroundImageMC.png */,
				4CEFD6E41996E5C000D1186B /* ButtonW:Shadow.png */,
				4CEFD6E51996E5C000D1186B /* CheckButton.png */,
				4CEFD6E61996E5C000D1186B /* Frame.png */,
				4CEFD6E71996E5C000D1186B /* GoButton.png */,
				4CEFD6E81996E5C000D1186B /* GotRightTU.png */,
				4CEFD6E91996E5C000D1186B /* GotWrongTD.png */,
				4CEFD6EA1996E5C000D1186B /* GuessButton.png */,
				4CEFD6EB1996E5C000D1186B /* HCNamesIcon58X58.png */,
				4CEFD6EC1996E5C000D1186B /* HCNamesIcon80X80.png */,
				4CEFD6ED1996E5C000D1186B /* HCNamesIcon120X120.png */,
				4CEFD6EE1996E5C000D1186B /* healthCatalystIgniteChange.png */,
				4CEFD6EF1996E5C000D1186B /* healthCatalystIgniteChangeSmallVerson.png */,
				4CEFD6F01996E5C000D1186B /* HintButton.png */,
				4CEFD6F11996E5C100D1186B /* IMG_0929.png */,
				4CEFD6F21996E5C100D1186B /* IMG_0930.png */,
				4CEFD6F31996E5C100D1186B /* IMG_0931.png */,
				4CEFD6F41996E5C100D1186B /* IMG_0932.png */,
				4CEFD6F51996E5C100D1186B /* IMG_0933.png */,
				4CEFD6F61996E5C100D1186B /* IMG_0935.png */,
				4CEFD6F71996E5C100D1186B /* IMG_0936.png */,
				4CEFD6F81996E5C100D1186B /* IMG_0937.png */,
				4CEFD6F91996E5C100D1186B /* IMG_0938.png */,
				4CEFD6FA1996E5C100D1186B /* IMG_0939.png */,
				4CEFD6FB1996E5C100D1186B /* IMG_0940.png */,
				4CEFD6FC1996E5C100D1186B /* LeaderBoard.png */,
				4CEFD6FD1996E5C100D1186B /* MultipleChoiceFaces.png */,
				4CEFD6FE1996E5C100D1186B /* MultipleChoiceNames.png */,
				4CEFD6FF1996E5C100D1186B /* NextButton.png */,
				4CEFD7001996E5C100D1186B /* PersonHCContacts.png */,
				4CEFD7011996E5C100D1186B /* rounded_corners.jpg */,
				4CEFD7021996E5C100D1186B /* RoundedRectBlackButton.png */,
				4CEFD7031996E5C100D1186B /* SmallTD.png */,
				4CEFD7041996E5C100D1186B /* SmallTU.png */,
				4CEFD7051996E5C100D1186B /* TimedFlashcard.png */,
				4CEFD7061996E5C100D1186B /* TimerHCContacts.png */,
				4CEFD7071996E5C100D1186B /* XButton.png */,
				4EC04F71195297E90017AA78 /* Person.h */,
				4EC04F72195297E90017AA78 /* Person.m */,
				4EC04F42195297350017AA78 /* FR */,
				4EC04F61195297350017AA78 /* FRTests */,
				4EC04F3B195297350017AA78 /* Frameworks */,
				4EC04F3A195297350017AA78 /* Products */,
			);
			sourceTree = "<group>";
		};
		4EC04F3A195297350017AA78 /* Products */ = {
			isa = PBXGroup;
			children = (
				4EC04F39195297350017AA78 /* FR.app */,
				4EC04F5A195297350017AA78 /* FRTests.xctest */,
			);
			name = Products;
			sourceTree = "<group>";
		};
		4EC04F3B195297350017AA78 /* Frameworks */ = {
			isa = PBXGroup;
			children = (
				4CA584D919995815003ED355 /* GameKit.framework */,
				4CA584D719995395003ED355 /* GameController.framework */,
				4EC04F40195297350017AA78 /* UIKit.framework */,
				4CACF954195FA19B00056B92 /* AddressBookUI.framework */,
				4CACF952195FA19400056B92 /* AddressBook.framework */,
				4EC04F3C195297350017AA78 /* Foundation.framework */,
				4EC04F3E195297350017AA78 /* CoreGraphics.framework */,
				4EC04F5B195297350017AA78 /* XCTest.framework */,
			);
			name = Frameworks;
			sourceTree = "<group>";
		};
		4EC04F42195297350017AA78 /* FR */ = {
			isa = PBXGroup;
			children = (
				4EC04F4B195297350017AA78 /* AppDelegate.h */,
				4EC04F4C195297350017AA78 /* AppDelegate.m */,
				4EC04F4E195297350017AA78 /* Main.storyboard */,
				4C67F90A196A49EB0054A187 /* TestViewController.h */,
				4C67F90B196A49EB0054A187 /* TestViewController.m */,
				4EC04F51195297350017AA78 /* ViewController.h */,
				4EC04F52195297350017AA78 /* ViewController.m */,
				4CACF94F195F9F1500056B92 /* MSContactManipulater.h */,
				4CACF950195F9F1500056B92 /* MSContactManipulater.m */,
				4EC04F54195297350017AA78 /* Images.xcassets */,
				4EC04F43195297350017AA78 /* Supporting Files */,
			);
			path = FR;
			sourceTree = "<group>";
		};
		4EC04F43195297350017AA78 /* Supporting Files */ = {
			isa = PBXGroup;
			children = (
				4EC04F44195297350017AA78 /* FR-Info.plist */,
				4EC04F45195297350017AA78 /* InfoPlist.strings */,
				4EC04F48195297350017AA78 /* main.m */,
				4EC04F4A195297350017AA78 /* FR-Prefix.pch */,
			);
			name = "Supporting Files";
			sourceTree = "<group>";
		};
		4EC04F61195297350017AA78 /* FRTests */ = {
			isa = PBXGroup;
			children = (
				4EC04F67195297350017AA78 /* FRTests.m */,
				4EC04F62195297350017AA78 /* Supporting Files */,
			);
			path = FRTests;
			sourceTree = "<group>";
		};
		4EC04F62195297350017AA78 /* Supporting Files */ = {
			isa = PBXGroup;
			children = (
				4EC04F63195297350017AA78 /* FRTests-Info.plist */,
				4EC04F64195297350017AA78 /* InfoPlist.strings */,
			);
			name = "Supporting Files";
			sourceTree = "<group>";
		};
/* End PBXGroup section */

/* Begin PBXNativeTarget section */
		4EC04F38195297350017AA78 /* FR */ = {
			isa = PBXNativeTarget;
			buildConfigurationList = 4EC04F6B195297350017AA78 /* Build configuration list for PBXNativeTarget "FR" */;
			buildPhases = (
				4EC04F35195297350017AA78 /* Sources */,
				4EC04F36195297350017AA78 /* Frameworks */,
				4EC04F37195297350017AA78 /* Resources */,
			);
			buildRules = (
			);
			dependencies = (
			);
			name = FR;
			productName = FR;
			productReference = 4EC04F39195297350017AA78 /* FR.app */;
			productType = "com.apple.product-type.application";
		};
		4EC04F59195297350017AA78 /* FRTests */ = {
			isa = PBXNativeTarget;
			buildConfigurationList = 4EC04F6E195297350017AA78 /* Build configuration list for PBXNativeTarget "FRTests" */;
			buildPhases = (
				4EC04F56195297350017AA78 /* Sources */,
				4EC04F57195297350017AA78 /* Frameworks */,
				4EC04F58195297350017AA78 /* Resources */,
			);
			buildRules = (
			);
			dependencies = (
				4EC04F60195297350017AA78 /* PBXTargetDependency */,
			);
			name = FRTests;
			productName = FRTests;
			productReference = 4EC04F5A195297350017AA78 /* FRTests.xctest */;
			productType = "com.apple.product-type.bundle.unit-test";
		};
/* End PBXNativeTarget section */

/* Begin PBXProject section */
		4EC04F31195297350017AA78 /* Project object */ = {
			isa = PBXProject;
			attributes = {
				LastUpgradeCheck = 0510;
				ORGANIZATIONNAME = "Mattehw Burton";
				TargetAttributes = {
					4EC04F38195297350017AA78 = {
						DevelopmentTeam = STUDKFT6R9;
						SystemCapabilities = {
							com.apple.GameCenter = {
								enabled = 1;
							};
						};
					};
					4EC04F59195297350017AA78 = {
						TestTargetID = 4EC04F38195297350017AA78;
					};
				};
			};
			buildConfigurationList = 4EC04F34195297350017AA78 /* Build configuration list for PBXProject "FR" */;
			compatibilityVersion = "Xcode 3.2";
			developmentRegion = English;
			hasScannedForEncodings = 0;
			knownRegions = (
				en,
				Base,
			);
			mainGroup = 4EC04F30195297350017AA78;
			productRefGroup = 4EC04F3A195297350017AA78 /* Products */;
			projectDirPath = "";
			projectRoot = "";
			targets = (
				4EC04F38195297350017AA78 /* FR */,
				4EC04F59195297350017AA78 /* FRTests */,
			);
		};
/* End PBXProject section */

/* Begin PBXResourcesBuildPhase section */
		4EC04F37195297350017AA78 /* Resources */ = {
			isa = PBXResourcesBuildPhase;
			buildActionMask = 2147483647;
			files = (
				4CEFD7141996E5C100D1186B /* HCNamesIcon58X58.png in Resources */,
				4CEFD7221996E5C100D1186B /* IMG_0938.png in Resources */,
				4CEFD72C1996E5C100D1186B /* SmallTD.png in Resources */,
				4CEFD7161996E5C100D1186B /* HCNamesIcon120X120.png in Resources */,
				4CEFD7231996E5C100D1186B /* IMG_0939.png in Resources */,
				4EC04F55195297350017AA78 /* Images.xcassets in Resources */,
				4EC04F47195297350017AA78 /* InfoPlist.strings in Resources */,
				4CEFD71A1996E5C100D1186B /* IMG_0929.png in Resources */,
				4CEFD71E1996E5C100D1186B /* IMG_0933.png in Resources */,
				4CEFD7111996E5C100D1186B /* GotRightTU.png in Resources */,
				4CEFD7291996E5C100D1186B /* PersonHCContacts.png in Resources */,
				4CEFD70B1996E5C100D1186B /* BackgroundImageHCCountactsMoreInfoPage.png in Resources */,
				4CEFD7301996E5C100D1186B /* XButton.png in Resources */,
				4CEFD7131996E5C100D1186B /* GuessButton.png in Resources */,
				4CEFD70D1996E5C100D1186B /* ButtonW:Shadow.png in Resources */,
				4CEFD7181996E5C100D1186B /* healthCatalystIgniteChangeSmallVerson.png in Resources */,
				4CEFD7191996E5C100D1186B /* HintButton.png in Resources */,
				4CEFD7151996E5C100D1186B /* HCNamesIcon80X80.png in Resources */,
				4CEFD71C1996E5C100D1186B /* IMG_0931.png in Resources */,
				4CEFD70E1996E5C100D1186B /* CheckButton.png in Resources */,
				4CEFD72F1996E5C100D1186B /* TimerHCContacts.png in Resources */,
				4CEFD70F1996E5C100D1186B /* Frame.png in Resources */,
				4CEFD7201996E5C100D1186B /* IMG_0936.png in Resources */,
				4CEFD7121996E5C100D1186B /* GotWrongTD.png in Resources */,
				4CEFD7261996E5C100D1186B /* MultipleChoiceFaces.png in Resources */,
				4CEFD7171996E5C100D1186B /* healthCatalystIgniteChange.png in Resources */,
				4CEFD72E1996E5C100D1186B /* TimedFlashcard.png in Resources */,
				4CEFD71B1996E5C100D1186B /* IMG_0930.png in Resources */,
				4CEFD7081996E5C100D1186B /* BackButton.png in Resources */,
				4CEFD7241996E5C100D1186B /* IMG_0940.png in Resources */,
				4CEFD7101996E5C100D1186B /* GoButton.png in Resources */,
				4CEFD72A1996E5C100D1186B /* rounded_corners.jpg in Resources */,
				4CEFD71F1996E5C100D1186B /* IMG_0935.png in Resources */,
				4CEFD71D1996E5C100D1186B /* IMG_0932.png in Resources */,
				4CEFD7281996E5C100D1186B /* NextButton.png in Resources */,
				4EC04F50195297350017AA78 /* Main.storyboard in Resources */,
				4CEFD72B1996E5C100D1186B /* RoundedRectBlackButton.png in Resources */,
				4CEFD7271996E5C100D1186B /* MultipleChoiceNames.png in Resources */,
				4CEFD7091996E5C100D1186B /* BackgroundImageHCContacts.png in Resources */,
				4CEFD70A1996E5C100D1186B /* BackgroundImageHCContactsFilterPage.png in Resources */,
				4CEFD7251996E5C100D1186B /* LeaderBoard.png in Resources */,
				4CEFD70C1996E5C100D1186B /* BackgroundImageMC.png in Resources */,
				4CEFD72D1996E5C100D1186B /* SmallTU.png in Resources */,
				4CEFD7211996E5C100D1186B /* IMG_0937.png in Resources */,
			);
			runOnlyForDeploymentPostprocessing = 0;
		};
		4EC04F58195297350017AA78 /* Resources */ = {
			isa = PBXResourcesBuildPhase;
			buildActionMask = 2147483647;
			files = (
				4EC04F66195297350017AA78 /* InfoPlist.strings in Resources */,
			);
			runOnlyForDeploymentPostprocessing = 0;
		};
/* End PBXResourcesBuildPhase section */

/* Begin PBXSourcesBuildPhase section */
		4EC04F35195297350017AA78 /* Sources */ = {
			isa = PBXSourcesBuildPhase;
			buildActionMask = 2147483647;
			files = (
				4C67F90C196A49EB0054A187 /* TestViewController.m in Sources */,
				4EC04F53195297350017AA78 /* ViewController.m in Sources */,
				4CACF951195F9F1500056B92 /* MSContactManipulater.m in Sources */,
				4EC04F4D195297350017AA78 /* AppDelegate.m in Sources */,
				4EC04F73195297E90017AA78 /* Person.m in Sources */,
				4EC04F49195297350017AA78 /* main.m in Sources */,
			);
			runOnlyForDeploymentPostprocessing = 0;
		};
		4EC04F56195297350017AA78 /* Sources */ = {
			isa = PBXSourcesBuildPhase;
			buildActionMask = 2147483647;
			files = (
				4EC04F68195297350017AA78 /* FRTests.m in Sources */,
			);
			runOnlyForDeploymentPostprocessing = 0;
		};
/* End PBXSourcesBuildPhase section */

/* Begin PBXTargetDependency section */
		4EC04F60195297350017AA78 /* PBXTargetDependency */ = {
			isa = PBXTargetDependency;
			target = 4EC04F38195297350017AA78 /* FR */;
			targetProxy = 4EC04F5F195297350017AA78 /* PBXContainerItemProxy */;
		};
/* End PBXTargetDependency section */

/* Begin PBXVariantGroup section */
		4EC04F45195297350017AA78 /* InfoPlist.strings */ = {
			isa = PBXVariantGroup;
			children = (
				4EC04F46195297350017AA78 /* en */,
			);
			name = InfoPlist.strings;
			sourceTree = "<group>";
		};
		4EC04F4E195297350017AA78 /* Main.storyboard */ = {
			isa = PBXVariantGroup;
			children = (
				4EC04F4F195297350017AA78 /* Base */,
			);
			name = Main.storyboard;
			sourceTree = "<group>";
		};
		4EC04F64195297350017AA78 /* InfoPlist.strings */ = {
			isa = PBXVariantGroup;
			children = (
				4EC04F65195297350017AA78 /* en */,
			);
			name = InfoPlist.strings;
			sourceTree = "<group>";
		};
/* End PBXVariantGroup section */

/* Begin XCBuildConfiguration section */
		4EC04F69195297350017AA78 /* Debug */ = {
			isa = XCBuildConfiguration;
			buildSettings = {
				ALWAYS_SEARCH_USER_PATHS = NO;
				CLANG_CXX_LANGUAGE_STANDARD = "gnu++0x";
				CLANG_CXX_LIBRARY = "libc++";
				CLANG_ENABLE_MODULES = YES;
				CLANG_ENABLE_OBJC_ARC = YES;
				CLANG_WARN_BOOL_CONVERSION = YES;
				CLANG_WARN_CONSTANT_CONVERSION = YES;
				CLANG_WARN_DIRECT_OBJC_ISA_USAGE = YES_ERROR;
				CLANG_WARN_EMPTY_BODY = YES;
				CLANG_WARN_ENUM_CONVERSION = YES;
				CLANG_WARN_INT_CONVERSION = YES;
				CLANG_WARN_OBJC_ROOT_CLASS = YES_ERROR;
				CLANG_WARN__DUPLICATE_METHOD_MATCH = YES;
				"CODE_SIGN_IDENTITY[sdk=iphoneos*]" = "iPhone Developer";
				COPY_PHASE_STRIP = NO;
				GCC_C_LANGUAGE_STANDARD = gnu99;
				GCC_DYNAMIC_NO_PIC = NO;
				GCC_OPTIMIZATION_LEVEL = 0;
				GCC_PREPROCESSOR_DEFINITIONS = (
					"DEBUG=1",
					"$(inherited)",
				);
				GCC_SYMBOLS_PRIVATE_EXTERN = NO;
				GCC_WARN_64_TO_32_BIT_CONVERSION = YES;
				GCC_WARN_ABOUT_RETURN_TYPE = YES_ERROR;
				GCC_WARN_UNDECLARED_SELECTOR = YES;
				GCC_WARN_UNINITIALIZED_AUTOS = YES_AGGRESSIVE;
				GCC_WARN_UNUSED_FUNCTION = YES;
				GCC_WARN_UNUSED_VARIABLE = YES;
				IPHONEOS_DEPLOYMENT_TARGET = 7.1;
				ONLY_ACTIVE_ARCH = YES;
				SDKROOT = iphoneos;
			};
			name = Debug;
		};
		4EC04F6A195297350017AA78 /* Release */ = {
			isa = XCBuildConfiguration;
			buildSettings = {
				ALWAYS_SEARCH_USER_PATHS = NO;
				CLANG_CXX_LANGUAGE_STANDARD = "gnu++0x";
				CLANG_CXX_LIBRARY = "libc++";
				CLANG_ENABLE_MODULES = YES;
				CLANG_ENABLE_OBJC_ARC = YES;
				CLANG_WARN_BOOL_CONVERSION = YES;
				CLANG_WARN_CONSTANT_CONVERSION = YES;
				CLANG_WARN_DIRECT_OBJC_ISA_USAGE = YES_ERROR;
				CLANG_WARN_EMPTY_BODY = YES;
				CLANG_WARN_ENUM_CONVERSION = YES;
				CLANG_WARN_INT_CONVERSION = YES;
				CLANG_WARN_OBJC_ROOT_CLASS = YES_ERROR;
				CLANG_WARN__DUPLICATE_METHOD_MATCH = YES;
				"CODE_SIGN_IDENTITY[sdk=iphoneos*]" = "iPhone Developer";
				COPY_PHASE_STRIP = YES;
				ENABLE_NS_ASSERTIONS = NO;
				GCC_C_LANGUAGE_STANDARD = gnu99;
				GCC_WARN_64_TO_32_BIT_CONVERSION = YES;
				GCC_WARN_ABOUT_RETURN_TYPE = YES_ERROR;
				GCC_WARN_UNDECLARED_SELECTOR = YES;
				GCC_WARN_UNINITIALIZED_AUTOS = YES_AGGRESSIVE;
				GCC_WARN_UNUSED_FUNCTION = YES;
				GCC_WARN_UNUSED_VARIABLE = YES;
				IPHONEOS_DEPLOYMENT_TARGET = 7.1;
				SDKROOT = iphoneos;
				VALIDATE_PRODUCT = YES;
			};
			name = Release;
		};
		4EC04F6C195297350017AA78 /* Debug */ = {
			isa = XCBuildConfiguration;
			buildSettings = {
				ASSETCATALOG_COMPILER_APPICON_NAME = "AppIcon-2";
				ASSETCATALOG_COMPILER_LAUNCHIMAGE_NAME = "LaunchImage-2";
				CODE_SIGN_IDENTITY = "iPhone Developer";
				"CODE_SIGN_IDENTITY[sdk=iphoneos*]" = "iPhone Developer";
				FRAMEWORK_SEARCH_PATHS = (
					"$(inherited)",
					"$(USER_LIBRARY_DIR)/Developer/Xcode/iOS",
					DeviceSupport/7.0.4,
					"(11B554a)/Symbols/System/Library/Frameworks",
					"$(USER_LIBRARY_DIR)/Developer/Xcode/iOS",
					DeviceSupport/7.0,
					"(11A465)/Symbols/System/Library/Frameworks",
					"$(USER_LIBRARY_DIR)/Developer/Xcode/iOS",
					DeviceSupport/6.1.3,
					"(10B329)/Symbols/System/Library/Frameworks",
				);
				GCC_PRECOMPILE_PREFIX_HEADER = YES;
				GCC_PREFIX_HEADER = "FR/FR-Prefix.pch";
				INFOPLIST_FILE = "FR/FR-Info.plist";
				IPHONEOS_DEPLOYMENT_TARGET = 7.0;
				PRODUCT_NAME = "$(TARGET_NAME)";
				PROVISIONING_PROFILE = "";
				SDKROOT = iphoneos7.1;
				WRAPPER_EXTENSION = app;
			};
			name = Debug;
		};
		4EC04F6D195297350017AA78 /* Release */ = {
			isa = XCBuildConfiguration;
			buildSettings = {
				ASSETCATALOG_COMPILER_APPICON_NAME = "AppIcon-2";
				ASSETCATALOG_COMPILER_LAUNCHIMAGE_NAME = "LaunchImage-2";
				CODE_SIGN_IDENTITY = "iPhone Developer";
				"CODE_SIGN_IDENTITY[sdk=iphoneos*]" = "iPhone Developer";
				FRAMEWORK_SEARCH_PATHS = (
					"$(inherited)",
					"$(USER_LIBRARY_DIR)/Developer/Xcode/iOS",
					DeviceSupport/7.0.4,
					"(11B554a)/Symbols/System/Library/Frameworks",
					"$(USER_LIBRARY_DIR)/Developer/Xcode/iOS",
					DeviceSupport/7.0,
					"(11A465)/Symbols/System/Library/Frameworks",
					"$(USER_LIBRARY_DIR)/Developer/Xcode/iOS",
					DeviceSupport/6.1.3,
					"(10B329)/Symbols/System/Library/Frameworks",
				);
				GCC_PRECOMPILE_PREFIX_HEADER = YES;
				GCC_PREFIX_HEADER = "FR/FR-Prefix.pch";
				INFOPLIST_FILE = "FR/FR-Info.plist";
				IPHONEOS_DEPLOYMENT_TARGET = 7.0;
				PRODUCT_NAME = "$(TARGET_NAME)";
				PROVISIONING_PROFILE = "";
				SDKROOT = iphoneos7.1;
				WRAPPER_EXTENSION = app;
			};
			name = Release;
		};
		4EC04F6F195297350017AA78 /* Debug */ = {
			isa = XCBuildConfiguration;
			buildSettings = {
				BUNDLE_LOADER = "$(BUILT_PRODUCTS_DIR)/FR.app/FR";
				FRAMEWORK_SEARCH_PATHS = (
					"$(SDKROOT)/Developer/Library/Frameworks",
					"$(inherited)",
					"$(DEVELOPER_FRAMEWORKS_DIR)",
				);
				GCC_PRECOMPILE_PREFIX_HEADER = YES;
				GCC_PREFIX_HEADER = "FR/FR-Prefix.pch";
				GCC_PREPROCESSOR_DEFINITIONS = (
					"DEBUG=1",
					"$(inherited)",
				);
				INFOPLIST_FILE = "FRTests/FRTests-Info.plist";
				PRODUCT_NAME = "$(TARGET_NAME)";
				TEST_HOST = "$(BUNDLE_LOADER)";
				WRAPPER_EXTENSION = xctest;
			};
			name = Debug;
		};
		4EC04F70195297350017AA78 /* Release */ = {
			isa = XCBuildConfiguration;
			buildSettings = {
				BUNDLE_LOADER = "$(BUILT_PRODUCTS_DIR)/FR.app/FR";
				FRAMEWORK_SEARCH_PATHS = (
					"$(SDKROOT)/Developer/Library/Frameworks",
					"$(inherited)",
					"$(DEVELOPER_FRAMEWORKS_DIR)",
				);
				GCC_PRECOMPILE_PREFIX_HEADER = YES;
				GCC_PREFIX_HEADER = "FR/FR-Prefix.pch";
				INFOPLIST_FILE = "FRTests/FRTests-Info.plist";
				PRODUCT_NAME = "$(TARGET_NAME)";
				TEST_HOST = "$(BUNDLE_LOADER)";
				WRAPPER_EXTENSION = xctest;
			};
			name = Release;
		};
/* End XCBuildConfiguration section */

/* Begin XCConfigurationList section */
		4EC04F34195297350017AA78 /* Build configuration list for PBXProject "FR" */ = {
			isa = XCConfigurationList;
			buildConfigurations = (
				4EC04F69195297350017AA78 /* Debug */,
				4EC04F6A195297350017AA78 /* Release */,
			);
			defaultConfigurationIsVisible = 0;
			defaultConfigurationName = Release;
		};
		4EC04F6B195297350017AA78 /* Build configuration list for PBXNativeTarget "FR" */ = {
			isa = XCConfigurationList;
			buildConfigurations = (
				4EC04F6C195297350017AA78 /* Debug */,
				4EC04F6D195297350017AA78 /* Release */,
			);
			defaultConfigurationIsVisible = 0;
			defaultConfigurationName = Release;
		};
		4EC04F6E195297350017AA78 /* Build configuration list for PBXNativeTarget "FRTests" */ = {
			isa = XCConfigurationList;
			buildConfigurations = (
				4EC04F6F195297350017AA78 /* Debug */,
				4EC04F70195297350017AA78 /* Release */,
			);
			defaultConfigurationIsVisible = 0;
			defaultConfigurationName = Release;
		};
/* End XCConfigurationList section */
	};
	rootObject = 4EC04F31195297350017AA78 /* Project object */;
}
