// !$*UTF8*$!
{
	archiveVersion = 1;
	classes = {
	};
	objectVersion = 46;
	objects = {

/* Begin PBXBuildFile section */
		4C67F90C196A49EB0054A187 /* TestViewController.m in Sources */ = {isa = PBXBuildFile; fileRef = 4C67F90B196A49EB0054A187 /* TestViewController.m */; };
		4CACF951195F9F1500056B92 /* MSContactManipulater.m in Sources */ = {isa = PBXBuildFile; fileRef = 4CACF950195F9F1500056B92 /* MSContactManipulater.m */; };
		4CACF953195FA19400056B92 /* AddressBook.framework in Frameworks */ = {isa = PBXBuildFile; fileRef = 4CACF952195FA19400056B92 /* AddressBook.framework */; };
		4CACF955195FA19B00056B92 /* AddressBookUI.framework in Frameworks */ = {isa = PBXBuildFile; fileRef = 4CACF954195FA19B00056B92 /* AddressBookUI.framework */; };
		4E392FB9196B2BB3006D284A /* CheckButton.png in Resources */ = {isa = PBXBuildFile; fileRef = 4E392FB7196B2BB3006D284A /* CheckButton.png */; };
		4E392FBA196B2BB3006D284A /* XButton.png in Resources */ = {isa = PBXBuildFile; fileRef = 4E392FB8196B2BB3006D284A /* XButton.png */; };
		4EC04F3D195297350017AA78 /* Foundation.framework in Frameworks */ = {isa = PBXBuildFile; fileRef = 4EC04F3C195297350017AA78 /* Foundation.framework */; };
		4EC04F3F195297350017AA78 /* CoreGraphics.framework in Frameworks */ = {isa = PBXBuildFile; fileRef = 4EC04F3E195297350017AA78 /* CoreGraphics.framework */; };
		4EC04F41195297350017AA78 /* UIKit.framework in Frameworks */ = {isa = PBXBuildFile; fileRef = 4EC04F40195297350017AA78 /* UIKit.framework */; };
		4EC04F47195297350017AA78 /* InfoPlist.strings in Resources */ = {isa = PBXBuildFile; fileRef = 4EC04F45195297350017AA78 /* InfoPlist.strings */; };
		4EC04F49195297350017AA78 /* main.m in Sources */ = {isa = PBXBuildFile; fileRef = 4EC04F48195297350017AA78 /* main.m */; };
		4EC04F4D195297350017AA78 /* AppDelegate.m in Sources */ = {isa = PBXBuildFile; fileRef = 4EC04F4C195297350017AA78 /* AppDelegate.m */; };
		4EC04F50195297350017AA78 /* Main.storyboard in Resources */ = {isa = PBXBuildFile; fileRef = 4EC04F4E195297350017AA78 /* Main.storyboard */; };
		4EC04F53195297350017AA78 /* ViewController.m in Sources */ = {isa = PBXBuildFile; fileRef = 4EC04F52195297350017AA78 /* ViewController.m */; };
		4EC04F55195297350017AA78 /* Images.xcassets in Resources */ = {isa = PBXBuildFile; fileRef = 4EC04F54195297350017AA78 /* Images.xcassets */; };
		4EC04F5C195297350017AA78 /* XCTest.framework in Frameworks */ = {isa = PBXBuildFile; fileRef = 4EC04F5B195297350017AA78 /* XCTest.framework */; };
		4EC04F5D195297350017AA78 /* Foundation.framework in Frameworks */ = {isa = PBXBuildFile; fileRef = 4EC04F3C195297350017AA78 /* Foundation.framework */; };
		4EC04F5E195297350017AA78 /* UIKit.framework in Frameworks */ = {isa = PBXBuildFile; fileRef = 4EC04F40195297350017AA78 /* UIKit.framework */; };
		4EC04F66195297350017AA78 /* InfoPlist.strings in Resources */ = {isa = PBXBuildFile; fileRef = 4EC04F64195297350017AA78 /* InfoPlist.strings */; };
		4EC04F68195297350017AA78 /* FRTests.m in Sources */ = {isa = PBXBuildFile; fileRef = 4EC04F67195297350017AA78 /* FRTests.m */; };
		4EC04F73195297E90017AA78 /* Person.m in Sources */ = {isa = PBXBuildFile; fileRef = 4EC04F72195297E90017AA78 /* Person.m */; };
		4EC04F7519529C3A0017AA78 /* Unknown.jpeg in Resources */ = {isa = PBXBuildFile; fileRef = 4EC04F7419529C3A0017AA78 /* Unknown.jpeg */; };
/* End PBXBuildFile section */

/* Begin PBXContainerItemProxy section */
		4EC04F5F195297350017AA78 /* PBXContainerItemProxy */ = {
			isa = PBXContainerItemProxy;
			containerPortal = 4EC04F31195297350017AA78 /* Project object */;
			proxyType = 1;
			remoteGlobalIDString = 4EC04F38195297350017AA78;
			remoteInfo = FR;
		};
/* End PBXContainerItemProxy section */

/* Begin PBXFileReference section */
		4C67F90A196A49EB0054A187 /* TestViewController.h */ = {isa = PBXFileReference; fileEncoding = 4; lastKnownFileType = sourcecode.c.h; path = TestViewController.h; sourceTree = "<group>"; };
		4C67F90B196A49EB0054A187 /* TestViewController.m */ = {isa = PBXFileReference; fileEncoding = 4; lastKnownFileType = sourcecode.c.objc; path = TestViewController.m; sourceTree = "<group>"; };
		4CACF94F195F9F1500056B92 /* MSContactManipulater.h */ = {isa = PBXFileReference; fileEncoding = 4; lastKnownFileType = sourcecode.c.h; path = MSContactManipulater.h; sourceTree = "<group>"; };
		4CACF950195F9F1500056B92 /* MSContactManipulater.m */ = {isa = PBXFileReference; fileEncoding = 4; lastKnownFileType = sourcecode.c.objc; path = MSContactManipulater.m; sourceTree = "<group>"; };
		4CACF952195FA19400056B92 /* AddressBook.framework */ = {isa = PBXFileReference; lastKnownFileType = wrapper.framework; name = AddressBook.framework; path = System/Library/Frameworks/AddressBook.framework; sourceTree = SDKROOT; };
		4CACF954195FA19B00056B92 /* AddressBookUI.framework */ = {isa = PBXFileReference; lastKnownFileType = wrapper.framework; name = AddressBookUI.framework; path = System/Library/Frameworks/AddressBookUI.framework; sourceTree = SDKROOT; };
		4E392FB7196B2BB3006D284A /* CheckButton.png */ = {isa = PBXFileReference; lastKnownFileType = image.png; name = CheckButton.png; path = "../../Desktop/App Images/CheckButton.png"; sourceTree = "<group>"; };
		4E392FB8196B2BB3006D284A /* XButton.png */ = {isa = PBXFileReference; lastKnownFileType = image.png; name = XButton.png; path = "../../Desktop/App Images/XButton.png"; sourceTree = "<group>"; };
		4EC04F39195297350017AA78 /* FR.app */ = {isa = PBXFileReference; explicitFileType = wrapper.application; includeInIndex = 0; path = FR.app; sourceTree = BUILT_PRODUCTS_DIR; };
		4EC04F3C195297350017AA78 /* Foundation.framework */ = {isa = PBXFileReference; lastKnownFileType = wrapper.framework; name = Foundation.framework; path = System/Library/Frameworks/Foundation.framework; sourceTree = SDKROOT; };
		4EC04F3E195297350017AA78 /* CoreGraphics.framework */ = {isa = PBXFileReference; lastKnownFileType = wrapper.framework; name = CoreGraphics.framework; path = System/Library/Frameworks/CoreGraphics.framework; sourceTree = SDKROOT; };
		4EC04F40195297350017AA78 /* UIKit.framework */ = {isa = PBXFileReference; lastKnownFileType = wrapper.framework; name = UIKit.framework; path = System/Library/Frameworks/UIKit.framework; sourceTree = SDKROOT; };
		4EC04F44195297350017AA78 /* FR-Info.plist */ = {isa = PBXFileReference; lastKnownFileType = text.plist.xml; path = "FR-Info.plist"; sourceTree = "<group>"; };
		4EC04F46195297350017AA78 /* en */ = {isa = PBXFileReference; lastKnownFileType = text.plist.strings; name = en; path = en.lproj/InfoPlist.strings; sourceTree = "<group>"; };
		4EC04F48195297350017AA78 /* main.m */ = {isa = PBXFileReference; lastKnownFileType = sourcecode.c.objc; path = main.m; sourceTree = "<group>"; };
		4EC04F4A195297350017AA78 /* FR-Prefix.pch */ = {isa = PBXFileReference; lastKnownFileType = sourcecode.c.h; path = "FR-Prefix.pch"; sourceTree = "<group>"; };
		4EC04F4B195297350017AA78 /* AppDelegate.h */ = {isa = PBXFileReference; lastKnownFileType = sourcecode.c.h; path = AppDelegate.h; sourceTree = "<group>"; };
		4EC04F4C195297350017AA78 /* AppDelegate.m */ = {isa = PBXFileReference; lastKnownFileType = sourcecode.c.objc; path = AppDelegate.m; sourceTree = "<group>"; };
		4EC04F4F195297350017AA78 /* Base */ = {isa = PBXFileReference; lastKnownFileType = file.storyboard; name = Base; path = Base.lproj/Main.storyboard; sourceTree = "<group>"; };
		4EC04F51195297350017AA78 /* ViewController.h */ = {isa = PBXFileReference; lastKnownFileType = sourcecode.c.h; path = ViewController.h; sourceTree = "<group>"; };
		4EC04F52195297350017AA78 /* ViewController.m */ = {isa = PBXFileReference; lastKnownFileType = sourcecode.c.objc; path = ViewController.m; sourceTree = "<group>"; };
		4EC04F54195297350017AA78 /* Images.xcassets */ = {isa = PBXFileReference; lastKnownFileType = folder.assetcatalog; path = Images.xcassets; sourceTree = "<group>"; };
		4EC04F5A195297350017AA78 /* FRTests.xctest */ = {isa = PBXFileReference; explicitFileType = wrapper.cfbundle; includeInIndex = 0; path = FRTests.xctest; sourceTree = BUILT_PRODUCTS_DIR; };
		4EC04F5B195297350017AA78 /* XCTest.framework */ = {isa = PBXFileReference; lastKnownFileType = wrapper.framework; name = XCTest.framework; path = Library/Frameworks/XCTest.framework; sourceTree = DEVELOPER_DIR; };
		4EC04F63195297350017AA78 /* FRTests-Info.plist */ = {isa = PBXFileReference; lastKnownFileType = text.plist.xml; path = "FRTests-Info.plist"; sourceTree = "<group>"; };
		4EC04F65195297350017AA78 /* en */ = {isa = PBXFileReference; lastKnownFileType = text.plist.strings; name = en; path = en.lproj/InfoPlist.strings; sourceTree = "<group>"; };
		4EC04F67195297350017AA78 /* FRTests.m */ = {isa = PBXFileReference; lastKnownFileType = sourcecode.c.objc; path = FRTests.m; sourceTree = "<group>"; };
		4EC04F71195297E90017AA78 /* Person.h */ = {isa = PBXFileReference; fileEncoding = 4; lastKnownFileType = sourcecode.c.h; path = Person.h; sourceTree = "<group>"; };
		4EC04F72195297E90017AA78 /* Person.m */ = {isa = PBXFileReference; fileEncoding = 4; lastKnownFileType = sourcecode.c.objc; path = Person.m; sourceTree = "<group>"; };
		4EC04F7419529C3A0017AA78 /* Unknown.jpeg */ = {isa = PBXFileReference; lastKnownFileType = image.jpeg; name = Unknown.jpeg; path = ../../Desktop/Unknown.jpeg; sourceTree = "<group>"; };
/* End PBXFileReference section */

/* Begin PBXFrameworksBuildPhase section */
		4EC04F36195297350017AA78 /* Frameworks */ = {
			isa = PBXFrameworksBuildPhase;
			buildActionMask = 2147483647;
			files = (
				4CACF955195FA19B00056B92 /* AddressBookUI.framework in Frameworks */,
				4CACF953195FA19400056B92 /* AddressBook.framework in Frameworks */,
				4EC04F3F195297350017AA78 /* CoreGraphics.framework in Frameworks */,
				4EC04F41195297350017AA78 /* UIKit.framework in Frameworks */,
				4EC04F3D195297350017AA78 /* Foundation.framework in Frameworks */,
			);
			runOnlyForDeploymentPostprocessing = 0;
		};
		4EC04F57195297350017AA78 /* Frameworks */ = {
			isa = PBXFrameworksBuildPhase;
			buildActionMask = 2147483647;
			files = (
				4EC04F5C195297350017AA78 /* XCTest.framework in Frameworks */,
				4EC04F5E195297350017AA78 /* UIKit.framework in Frameworks */,
				4EC04F5D195297350017AA78 /* Foundation.framework in Frameworks */,
			);
			runOnlyForDeploymentPostprocessing = 0;
		};
/* End PBXFrameworksBuildPhase section */

/* Begin PBXGroup section */
		4EC04F30195297350017AA78 = {
			isa = PBXGroup;
			children = (
				4E392FB7196B2BB3006D284A /* CheckButton.png */,
				4E392FB8196B2BB3006D284A /* XButton.png */,
				4EC04F7419529C3A0017AA78 /* Unknown.jpeg */,
				4EC04F71195297E90017AA78 /* Person.h */,
				4EC04F72195297E90017AA78 /* Person.m */,
				4EC04F42195297350017AA78 /* FR */,
				4EC04F61195297350017AA78 /* FRTests */,
				4EC04F3B195297350017AA78 /* Frameworks */,
				4EC04F3A195297350017AA78 /* Products */,
			);
			sourceTree = "<group>";
		};
		4EC04F3A195297350017AA78 /* Products */ = {
			isa = PBXGroup;
			children = (
				4EC04F39195297350017AA78 /* FR.app */,
				4EC04F5A195297350017AA78 /* FRTests.xctest */,
			);
			name = Products;
			sourceTree = "<group>";
		};
		4EC04F3B195297350017AA78 /* Frameworks */ = {
			isa = PBXGroup;
			children = (
				4CACF954195FA19B00056B92 /* AddressBookUI.framework */,
				4CACF952195FA19400056B92 /* AddressBook.framework */,
				4EC04F3C195297350017AA78 /* Foundation.framework */,
				4EC04F3E195297350017AA78 /* CoreGraphics.framework */,
				4EC04F40195297350017AA78 /* UIKit.framework */,
				4EC04F5B195297350017AA78 /* XCTest.framework */,
			);
			name = Frameworks;
			sourceTree = "<group>";
		};
		4EC04F42195297350017AA78 /* FR */ = {
			isa = PBXGroup;
			children = (
				4EC04F4B195297350017AA78 /* AppDelegate.h */,
				4EC04F4C195297350017AA78 /* AppDelegate.m */,
				4EC04F4E195297350017AA78 /* Main.storyboard */,
				4C67F90A196A49EB0054A187 /* TestViewController.h */,
				4C67F90B196A49EB0054A187 /* TestViewController.m */,
				4EC04F51195297350017AA78 /* ViewController.h */,
				4EC04F52195297350017AA78 /* ViewController.m */,
				4CACF94F195F9F1500056B92 /* MSContactManipulater.h */,
				4CACF950195F9F1500056B92 /* MSContactManipulater.m */,
				4EC04F54195297350017AA78 /* Images.xcassets */,
				4EC04F43195297350017AA78 /* Supporting Files */,
			);
			path = FR;
			sourceTree = "<group>";
		};
		4EC04F43195297350017AA78 /* Supporting Files */ = {
			isa = PBXGroup;
			children = (
				4EC04F44195297350017AA78 /* FR-Info.plist */,
				4EC04F45195297350017AA78 /* InfoPlist.strings */,
				4EC04F48195297350017AA78 /* main.m */,
				4EC04F4A195297350017AA78 /* FR-Prefix.pch */,
			);
			name = "Supporting Files";
			sourceTree = "<group>";
		};
		4EC04F61195297350017AA78 /* FRTests */ = {
			isa = PBXGroup;
			children = (
				4EC04F67195297350017AA78 /* FRTests.m */,
				4EC04F62195297350017AA78 /* Supporting Files */,
			);
			path = FRTests;
			sourceTree = "<group>";
		};
		4EC04F62195297350017AA78 /* Supporting Files */ = {
			isa = PBXGroup;
			children = (
				4EC04F63195297350017AA78 /* FRTests-Info.plist */,
				4EC04F64195297350017AA78 /* InfoPlist.strings */,
			);
			name = "Supporting Files";
			sourceTree = "<group>";
		};
/* End PBXGroup section */

/* Begin PBXNativeTarget section */
		4EC04F38195297350017AA78 /* FR */ = {
			isa = PBXNativeTarget;
			buildConfigurationList = 4EC04F6B195297350017AA78 /* Build configuration list for PBXNativeTarget "FR" */;
			buildPhases = (
				4EC04F35195297350017AA78 /* Sources */,
				4EC04F36195297350017AA78 /* Frameworks */,
				4EC04F37195297350017AA78 /* Resources */,
			);
			buildRules = (
			);
			dependencies = (
			);
			name = FR;
			productName = FR;
			productReference = 4EC04F39195297350017AA78 /* FR.app */;
			productType = "com.apple.product-type.application";
		};
		4EC04F59195297350017AA78 /* FRTests */ = {
			isa = PBXNativeTarget;
			buildConfigurationList = 4EC04F6E195297350017AA78 /* Build configuration list for PBXNativeTarget "FRTests" */;
			buildPhases = (
				4EC04F56195297350017AA78 /* Sources */,
				4EC04F57195297350017AA78 /* Frameworks */,
				4EC04F58195297350017AA78 /* Resources */,
			);
			buildRules = (
			);
			dependencies = (
				4EC04F60195297350017AA78 /* PBXTargetDependency */,
			);
			name = FRTests;
			productName = FRTests;
			productReference = 4EC04F5A195297350017AA78 /* FRTests.xctest */;
			productType = "com.apple.product-type.bundle.unit-test";
		};
/* End PBXNativeTarget section */

/* Begin PBXProject section */
		4EC04F31195297350017AA78 /* Project object */ = {
			isa = PBXProject;
			attributes = {
				LastUpgradeCheck = 0510;
				ORGANIZATIONNAME = "Mattehw Burton";
				TargetAttributes = {
					4EC04F38195297350017AA78 = {
						DevelopmentTeam = YDK59Y5KW2;
					};
					4EC04F59195297350017AA78 = {
						TestTargetID = 4EC04F38195297350017AA78;
					};
				};
			};
			buildConfigurationList = 4EC04F34195297350017AA78 /* Build configuration list for PBXProject "FR" */;
			compatibilityVersion = "Xcode 3.2";
			developmentRegion = English;
			hasScannedForEncodings = 0;
			knownRegions = (
				en,
				Base,
			);
			mainGroup = 4EC04F30195297350017AA78;
			productRefGroup = 4EC04F3A195297350017AA78 /* Products */;
			projectDirPath = "";
			projectRoot = "";
			targets = (
				4EC04F38195297350017AA78 /* FR */,
				4EC04F59195297350017AA78 /* FRTests */,
			);
		};
/* End PBXProject section */

/* Begin PBXResourcesBuildPhase section */
		4EC04F37195297350017AA78 /* Resources */ = {
			isa = PBXResourcesBuildPhase;
			buildActionMask = 2147483647;
			files = (
				4EC04F7519529C3A0017AA78 /* Unknown.jpeg in Resources */,
				4EC04F55195297350017AA78 /* Images.xcassets in Resources */,
				4EC04F47195297350017AA78 /* InfoPlist.strings in Resources */,
				4EC04F50195297350017AA78 /* Main.storyboard in Resources */,
				4E392FBA196B2BB3006D284A /* XButton.png in Resources */,
				4E392FB9196B2BB3006D284A /* CheckButton.png in Resources */,
			);
			runOnlyForDeploymentPostprocessing = 0;
		};
		4EC04F58195297350017AA78 /* Resources */ = {
			isa = PBXResourcesBuildPhase;
			buildActionMask = 2147483647;
			files = (
				4EC04F66195297350017AA78 /* InfoPlist.strings in Resources */,
			);
			runOnlyForDeploymentPostprocessing = 0;
		};
/* End PBXResourcesBuildPhase section */

/* Begin PBXSourcesBuildPhase section */
		4EC04F35195297350017AA78 /* Sources */ = {
			isa = PBXSourcesBuildPhase;
			buildActionMask = 2147483647;
			files = (
				4C67F90C196A49EB0054A187 /* TestViewController.m in Sources */,
				4EC04F53195297350017AA78 /* ViewController.m in Sources */,
				4CACF951195F9F1500056B92 /* MSContactManipulater.m in Sources */,
				4EC04F4D195297350017AA78 /* AppDelegate.m in Sources */,
				4EC04F73195297E90017AA78 /* Person.m in Sources */,
				4EC04F49195297350017AA78 /* main.m in Sources */,
			);
			runOnlyForDeploymentPostprocessing = 0;
		};
		4EC04F56195297350017AA78 /* Sources */ = {
			isa = PBXSourcesBuildPhase;
			buildActionMask = 2147483647;
			files = (
				4EC04F68195297350017AA78 /* FRTests.m in Sources */,
			);
			runOnlyForDeploymentPostprocessing = 0;
		};
/* End PBXSourcesBuildPhase section */

/* Begin PBXTargetDependency section */
		4EC04F60195297350017AA78 /* PBXTargetDependency */ = {
			isa = PBXTargetDependency;
			target = 4EC04F38195297350017AA78 /* FR */;
			targetProxy = 4EC04F5F195297350017AA78 /* PBXContainerItemProxy */;
		};
/* End PBXTargetDependency section */

/* Begin PBXVariantGroup section */
		4EC04F45195297350017AA78 /* InfoPlist.strings */ = {
			isa = PBXVariantGroup;
			children = (
				4EC04F46195297350017AA78 /* en */,
			);
			name = InfoPlist.strings;
			sourceTree = "<group>";
		};
		4EC04F4E195297350017AA78 /* Main.storyboard */ = {
			isa = PBXVariantGroup;
			children = (
				4EC04F4F195297350017AA78 /* Base */,
			);
			name = Main.storyboard;
			sourceTree = "<group>";
		};
		4EC04F64195297350017AA78 /* InfoPlist.strings */ = {
			isa = PBXVariantGroup;
			children = (
				4EC04F65195297350017AA78 /* en */,
			);
			name = InfoPlist.strings;
			sourceTree = "<group>";
		};
/* End PBXVariantGroup section */

/* Begin XCBuildConfiguration section */
		4EC04F69195297350017AA78 /* Debug */ = {
			isa = XCBuildConfiguration;
			buildSettings = {
				ALWAYS_SEARCH_USER_PATHS = NO;
				CLANG_CXX_LANGUAGE_STANDARD = "gnu++0x";
				CLANG_CXX_LIBRARY = "libc++";
				CLANG_ENABLE_MODULES = YES;
				CLANG_ENABLE_OBJC_ARC = YES;
				CLANG_WARN_BOOL_CONVERSION = YES;
				CLANG_WARN_CONSTANT_CONVERSION = YES;
				CLANG_WARN_DIRECT_OBJC_ISA_USAGE = YES_ERROR;
				CLANG_WARN_EMPTY_BODY = YES;
				CLANG_WARN_ENUM_CONVERSION = YES;
				CLANG_WARN_INT_CONVERSION = YES;
				CLANG_WARN_OBJC_ROOT_CLASS = YES_ERROR;
				CLANG_WARN__DUPLICATE_METHOD_MATCH = YES;
				"CODE_SIGN_IDENTITY[sdk=iphoneos*]" = "iPhone Developer";
				COPY_PHASE_STRIP = NO;
				GCC_C_LANGUAGE_STANDARD = gnu99;
				GCC_DYNAMIC_NO_PIC = NO;
				GCC_OPTIMIZATION_LEVEL = 0;
				GCC_PREPROCESSOR_DEFINITIONS = (
					"DEBUG=1",
					"$(inherited)",
				);
				GCC_SYMBOLS_PRIVATE_EXTERN = NO;
				GCC_WARN_64_TO_32_BIT_CONVERSION = YES;
				GCC_WARN_ABOUT_RETURN_TYPE = YES_ERROR;
				GCC_WARN_UNDECLARED_SELECTOR = YES;
				GCC_WARN_UNINITIALIZED_AUTOS = YES_AGGRESSIVE;
				GCC_WARN_UNUSED_FUNCTION = YES;
				GCC_WARN_UNUSED_VARIABLE = YES;
				IPHONEOS_DEPLOYMENT_TARGET = 7.1;
				ONLY_ACTIVE_ARCH = YES;
				SDKROOT = iphoneos;
			};
			name = Debug;
		};
		4EC04F6A195297350017AA78 /* Release */ = {
			isa = XCBuildConfiguration;
			buildSettings = {
				ALWAYS_SEARCH_USER_PATHS = NO;
				CLANG_CXX_LANGUAGE_STANDARD = "gnu++0x";
				CLANG_CXX_LIBRARY = "libc++";
				CLANG_ENABLE_MODULES = YES;
				CLANG_ENABLE_OBJC_ARC = YES;
				CLANG_WARN_BOOL_CONVERSION = YES;
				CLANG_WARN_CONSTANT_CONVERSION = YES;
				CLANG_WARN_DIRECT_OBJC_ISA_USAGE = YES_ERROR;
				CLANG_WARN_EMPTY_BODY = YES;
				CLANG_WARN_ENUM_CONVERSION = YES;
				CLANG_WARN_INT_CONVERSION = YES;
				CLANG_WARN_OBJC_ROOT_CLASS = YES_ERROR;
				CLANG_WARN__DUPLICATE_METHOD_MATCH = YES;
				"CODE_SIGN_IDENTITY[sdk=iphoneos*]" = "iPhone Developer";
				COPY_PHASE_STRIP = YES;
				ENABLE_NS_ASSERTIONS = NO;
				GCC_C_LANGUAGE_STANDARD = gnu99;
				GCC_WARN_64_TO_32_BIT_CONVERSION = YES;
				GCC_WARN_ABOUT_RETURN_TYPE = YES_ERROR;
				GCC_WARN_UNDECLARED_SELECTOR = YES;
				GCC_WARN_UNINITIALIZED_AUTOS = YES_AGGRESSIVE;
				GCC_WARN_UNUSED_FUNCTION = YES;
				GCC_WARN_UNUSED_VARIABLE = YES;
				IPHONEOS_DEPLOYMENT_TARGET = 7.1;
				SDKROOT = iphoneos;
				VALIDATE_PRODUCT = YES;
			};
			name = Release;
		};
		4EC04F6C195297350017AA78 /* Debug */ = {
			isa = XCBuildConfiguration;
			buildSettings = {
				ASSETCATALOG_COMPILER_APPICON_NAME = AppIcon;
				ASSETCATALOG_COMPILER_LAUNCHIMAGE_NAME = LaunchImage;
				CODE_SIGN_IDENTITY = "iPhone Developer";
				"CODE_SIGN_IDENTITY[sdk=iphoneos*]" = "iPhone Developer";
				GCC_PRECOMPILE_PREFIX_HEADER = YES;
				GCC_PREFIX_HEADER = "FR/FR-Prefix.pch";
				INFOPLIST_FILE = "FR/FR-Info.plist";
				IPHONEOS_DEPLOYMENT_TARGET = 7.0;
				PRODUCT_NAME = "$(TARGET_NAME)";
				SDKROOT = iphoneos7.1;
				WRAPPER_EXTENSION = app;
			};
			name = Debug;
		};
		4EC04F6D195297350017AA78 /* Release */ = {
			isa = XCBuildConfiguration;
			buildSettings = {
				ASSETCATALOG_COMPILER_APPICON_NAME = AppIcon;
				ASSETCATALOG_COMPILER_LAUNCHIMAGE_NAME = LaunchImage;
				CODE_SIGN_IDENTITY = "iPhone Developer";
				"CODE_SIGN_IDENTITY[sdk=iphoneos*]" = "iPhone Developer";
				GCC_PRECOMPILE_PREFIX_HEADER = YES;
				GCC_PREFIX_HEADER = "FR/FR-Prefix.pch";
				INFOPLIST_FILE = "FR/FR-Info.plist";
				IPHONEOS_DEPLOYMENT_TARGET = 7.0;
				PRODUCT_NAME = "$(TARGET_NAME)";
				SDKROOT = iphoneos7.1;
				WRAPPER_EXTENSION = app;
			};
			name = Release;
		};
		4EC04F6F195297350017AA78 /* Debug */ = {
			isa = XCBuildConfiguration;
			buildSettings = {
				BUNDLE_LOADER = "$(BUILT_PRODUCTS_DIR)/FR.app/FR";
				FRAMEWORK_SEARCH_PATHS = (
					"$(SDKROOT)/Developer/Library/Frameworks",
					"$(inherited)",
					"$(DEVELOPER_FRAMEWORKS_DIR)",
				);
				GCC_PRECOMPILE_PREFIX_HEADER = YES;
				GCC_PREFIX_HEADER = "FR/FR-Prefix.pch";
				GCC_PREPROCESSOR_DEFINITIONS = (
					"DEBUG=1",
					"$(inherited)",
				);
				INFOPLIST_FILE = "FRTests/FRTests-Info.plist";
				PRODUCT_NAME = "$(TARGET_NAME)";
				TEST_HOST = "$(BUNDLE_LOADER)";
				WRAPPER_EXTENSION = xctest;
			};
			name = Debug;
		};
		4EC04F70195297350017AA78 /* Release */ = {
			isa = XCBuildConfiguration;
			buildSettings = {
				BUNDLE_LOADER = "$(BUILT_PRODUCTS_DIR)/FR.app/FR";
				FRAMEWORK_SEARCH_PATHS = (
					"$(SDKROOT)/Developer/Library/Frameworks",
					"$(inherited)",
					"$(DEVELOPER_FRAMEWORKS_DIR)",
				);
				GCC_PRECOMPILE_PREFIX_HEADER = YES;
				GCC_PREFIX_HEADER = "FR/FR-Prefix.pch";
				INFOPLIST_FILE = "FRTests/FRTests-Info.plist";
				PRODUCT_NAME = "$(TARGET_NAME)";
				TEST_HOST = "$(BUNDLE_LOADER)";
				WRAPPER_EXTENSION = xctest;
			};
			name = Release;
		};
/* End XCBuildConfiguration section */

/* Begin XCConfigurationList section */
		4EC04F34195297350017AA78 /* Build configuration list for PBXProject "FR" */ = {
			isa = XCConfigurationList;
			buildConfigurations = (
				4EC04F69195297350017AA78 /* Debug */,
				4EC04F6A195297350017AA78 /* Release */,
			);
			defaultConfigurationIsVisible = 0;
			defaultConfigurationName = Release;
		};
		4EC04F6B195297350017AA78 /* Build configuration list for PBXNativeTarget "FR" */ = {
			isa = XCConfigurationList;
			buildConfigurations = (
				4EC04F6C195297350017AA78 /* Debug */,
				4EC04F6D195297350017AA78 /* Release */,
			);
			defaultConfigurationIsVisible = 0;
			defaultConfigurationName = Release;
		};
		4EC04F6E195297350017AA78 /* Build configuration list for PBXNativeTarget "FRTests" */ = {
			isa = XCConfigurationList;
			buildConfigurations = (
				4EC04F6F195297350017AA78 /* Debug */,
				4EC04F70195297350017AA78 /* Release */,
			);
			defaultConfigurationIsVisible = 0;
			defaultConfigurationName = Release;
		};
/* End XCConfigurationList section */
	};
	rootObject = 4EC04F31195297350017AA78 /* Project object */;
}
